
Microsoft Visual Studio Solution File, Format Version 12.00
# Visual Studio Version 17
VisualStudioVersion = 17.5.33516.290
MinimumVisualStudioVersion = 10.0.40219.1
Project("{9A19103F-16F7-4668-BE54-9A1E7A4F7556}") = "ISH.Data", "ISH.Data\ISH.Data.csproj", "{106D54E5-DBB8-4B87-B38B-9C9DA247278C}"
EndProject
Project("{9A19103F-16F7-4668-BE54-9A1E7A4F7556}") = "ISH.Repository", "ISH.Repository\ISH.Repository.csproj", "{58D637B3-1663-4B15-951E-8E8EBD661EE1}"
EndProject
Project("{9A19103F-16F7-4668-BE54-9A1E7A4F7556}") = "ISH.Service", "ISH.Service\ISH.Service.csproj", "{9DB5E629-70FA-46C4-A011-52AB9205499F}"
EndProject
Project("{2150E333-8FDC-42A3-9474-1A3956D46DE8}") = "Solution Items", "Solution Items", "{364C22FF-1741-4B6B-976B-438DAA393464}"
	ProjectSection(SolutionItems) = preProject
		.dockerignore = .dockerignore
		.gitignore = .gitignore
		ISH.Web\docker-compose.database.yml = ISH.Web\docker-compose.database.yml
		ISH.Web\docker-compose.yml = ISH.Web\docker-compose.yml
		ISH.Web\Dockerfile = ISH.Web\Dockerfile
		ReadMe.md = ReadMe.md
	EndProjectSection
EndProject
Project("{9A19103F-16F7-4668-BE54-9A1E7A4F7556}") = "ISH.Web", "ISH.Web\ISH.Web.csproj", "{891D92C6-54C4-4A67-A203-E75B7D30F8CC}"
EndProject
Global
	GlobalSection(SolutionConfigurationPlatforms) = preSolution
		Debug|Any CPU = Debug|Any CPU
		Release|Any CPU = Release|Any CPU
	EndGlobalSection
	GlobalSection(ProjectConfigurationPlatforms) = postSolution
		{106D54E5-DBB8-4B87-B38B-9C9DA247278C}.Debug|Any CPU.ActiveCfg = Debug|Any CPU
		{106D54E5-DBB8-4B87-B38B-9C9DA247278C}.Debug|Any CPU.Build.0 = Debug|Any CPU
		{106D54E5-DBB8-4B87-B38B-9C9DA247278C}.Release|Any CPU.ActiveCfg = Release|Any CPU
		{106D54E5-DBB8-4B87-B38B-9C9DA247278C}.Release|Any CPU.Build.0 = Release|Any CPU
		{58D637B3-1663-4B15-951E-8E8EBD661EE1}.Debug|Any CPU.ActiveCfg = Debug|Any CPU
		{58D637B3-1663-4B15-951E-8E8EBD661EE1}.Debug|Any CPU.Build.0 = Debug|Any CPU
		{58D637B3-1663-4B15-951E-8E8EBD661EE1}.Release|Any CPU.ActiveCfg = Release|Any CPU
		{58D637B3-1663-4B15-951E-8E8EBD661EE1}.Release|Any CPU.Build.0 = Release|Any CPU
		{9DB5E629-70FA-46C4-A011-52AB9205499F}.Debug|Any CPU.ActiveCfg = Debug|Any CPU
		{9DB5E629-70FA-46C4-A011-52AB9205499F}.Debug|Any CPU.Build.0 = Debug|Any CPU
		{9DB5E629-70FA-46C4-A011-52AB9205499F}.Release|Any CPU.ActiveCfg = Release|Any CPU
		{9DB5E629-70FA-46C4-A011-52AB9205499F}.Release|Any CPU.Build.0 = Release|Any CPU
		{891D92C6-54C4-4A67-A203-E75B7D30F8CC}.Debug|Any CPU.ActiveCfg = Debug|Any CPU
		{891D92C6-54C4-4A67-A203-E75B7D30F8CC}.Debug|Any CPU.Build.0 = Debug|Any CPU
		{891D92C6-54C4-4A67-A203-E75B7D30F8CC}.Release|Any CPU.ActiveCfg = Release|Any CPU
		{891D92C6-54C4-4A67-A203-E75B7D30F8CC}.Release|Any CPU.Build.0 = Release|Any CPU
	EndGlobalSection
	GlobalSection(SolutionProperties) = preSolution
		HideSolutionNode = FALSE
	EndGlobalSection
	GlobalSection(ExtensibilityGlobals) = postSolution
		SolutionGuid = {B9CCA0FB-A04D-48FA-8CEA-EB6AC1BA5BA6}
	EndGlobalSection
EndGlobal
